
Microsoft Visual Studio Solution File, Format Version 12.00
# Visual Studio Version 17
VisualStudioVersion = 17.6.33815.320
MinimumVisualStudioVersion = 10.0.40219.1
Project("{FAE04EC0-301F-11D3-BF4B-00C04F79EFBC}") = "Password_Gen", "Password_Gen\Password_Gen.csproj", "{B23082F1-E37E-4D8F-9674-AC5B760B08AE}"
EndProject
Global
	GlobalSection(SolutionConfigurationPlatforms) = preSolution
		Debug|Any CPU = Debug|Any CPU
		Release|Any CPU = Release|Any CPU
	EndGlobalSection
	GlobalSection(ProjectConfigurationPlatforms) = postSolution
		{B23082F1-E37E-4D8F-9674-AC5B760B08AE}.Debug|Any CPU.ActiveCfg = Debug|Any CPU
		{B23082F1-E37E-4D8F-9674-AC5B760B08AE}.Debug|Any CPU.Build.0 = Debug|Any CPU
		{B23082F1-E37E-4D8F-9674-AC5B760B08AE}.Release|Any CPU.ActiveCfg = Release|Any CPU
		{B23082F1-E37E-4D8F-9674-AC5B760B08AE}.Release|Any CPU.Build.0 = Release|Any CPU
	EndGlobalSection
	GlobalSection(SolutionProperties) = preSolution
		HideSolutionNode = FALSE
	EndGlobalSection
	GlobalSection(ExtensibilityGlobals) = postSolution
		SolutionGuid = {DA19798A-C4ED-40E8-BD44-5A053D80F321}
	EndGlobalSection
EndGlobal
